
Microsoft Visual Studio Solution File, Format Version 12.00
# Visual Studio Version 17
VisualStudioVersion = 17.6.33829.357
MinimumVisualStudioVersion = 10.0.40219.1
Project("{9A19103F-16F7-4668-BE54-9A1E7A4F7556}") = "WebShop", "WebShop\WebShop.csproj", "{9587247E-929F-41B1-BDB3-E54234455814}"
EndProject
Project("{9A19103F-16F7-4668-BE54-9A1E7A4F7556}") = "WebShopCore", "WebShopCore\WebShopCore.csproj", "{39B7BD3B-7FE7-4712-A8F2-A69F7B259119}"
EndProject
Project("{FAE04EC0-301F-11D3-BF4B-00C04F79EFBC}") = "WebShopEndUser", "WebShopEndUser\WebShopEndUser.csproj", "{D35D9030-2BC6-48F5-8663-B39341F638E4}"
EndProject
Global
	GlobalSection(SolutionConfigurationPlatforms) = preSolution
		Debug|Any CPU = Debug|Any CPU
		Release|Any CPU = Release|Any CPU
	EndGlobalSection
	GlobalSection(ProjectConfigurationPlatforms) = postSolution
		{9587247E-929F-41B1-BDB3-E54234455814}.Debug|Any CPU.ActiveCfg = Debug|Any CPU
		{9587247E-929F-41B1-BDB3-E54234455814}.Debug|Any CPU.Build.0 = Debug|Any CPU
		{9587247E-929F-41B1-BDB3-E54234455814}.Release|Any CPU.ActiveCfg = Release|Any CPU
		{9587247E-929F-41B1-BDB3-E54234455814}.Release|Any CPU.Build.0 = Release|Any CPU
		{39B7BD3B-7FE7-4712-A8F2-A69F7B259119}.Debug|Any CPU.ActiveCfg = Debug|Any CPU
		{39B7BD3B-7FE7-4712-A8F2-A69F7B259119}.Debug|Any CPU.Build.0 = Debug|Any CPU
		{39B7BD3B-7FE7-4712-A8F2-A69F7B259119}.Release|Any CPU.ActiveCfg = Release|Any CPU
		{39B7BD3B-7FE7-4712-A8F2-A69F7B259119}.Release|Any CPU.Build.0 = Release|Any CPU
		{D35D9030-2BC6-48F5-8663-B39341F638E4}.Debug|Any CPU.ActiveCfg = Debug|Any CPU
		{D35D9030-2BC6-48F5-8663-B39341F638E4}.Debug|Any CPU.Build.0 = Debug|Any CPU
		{D35D9030-2BC6-48F5-8663-B39341F638E4}.Release|Any CPU.ActiveCfg = Release|Any CPU
		{D35D9030-2BC6-48F5-8663-B39341F638E4}.Release|Any CPU.Build.0 = Release|Any CPU
	EndGlobalSection
	GlobalSection(SolutionProperties) = preSolution
		HideSolutionNode = FALSE
	EndGlobalSection
	GlobalSection(ExtensibilityGlobals) = postSolution
		SolutionGuid = {0A32E1AE-B58A-49B6-97C7-7E758277EEF1}
	EndGlobalSection
EndGlobal
